// !$*UTF8*$!
{
	archiveVersion = 1;
	classes = {
	};
	objectVersion = 46;
	objects = {

/* Begin PBXBuildFile section */
		71049AEA1E0A40ED009BADAC /* main.m in Sources */ = {isa = PBXBuildFile; fileRef = 71049AE91E0A40ED009BADAC /* main.m */; };
		71049AED1E0A40ED009BADAC /* AppDelegate.m in Sources */ = {isa = PBXBuildFile; fileRef = 71049AEC1E0A40ED009BADAC /* AppDelegate.m */; };
		71049AF01E0A40ED009BADAC /* ViewController.m in Sources */ = {isa = PBXBuildFile; fileRef = 71049AEF1E0A40ED009BADAC /* ViewController.m */; };
		71049AF31E0A40ED009BADAC /* Main.storyboard in Resources */ = {isa = PBXBuildFile; fileRef = 71049AF11E0A40ED009BADAC /* Main.storyboard */; };
		71049AF51E0A40ED009BADAC /* Assets.xcassets in Resources */ = {isa = PBXBuildFile; fileRef = 71049AF41E0A40ED009BADAC /* Assets.xcassets */; };
		71049AF81E0A40ED009BADAC /* LaunchScreen.storyboard in Resources */ = {isa = PBXBuildFile; fileRef = 71049AF61E0A40ED009BADAC /* LaunchScreen.storyboard */; };
		71049B031E0A40ED009BADAC /* ex1_1_2Tests.m in Sources */ = {isa = PBXBuildFile; fileRef = 71049B021E0A40ED009BADAC /* ex1_1_2Tests.m */; };
		71049B0E1E0A40ED009BADAC /* ex1_1_2UITests.m in Sources */ = {isa = PBXBuildFile; fileRef = 71049B0D1E0A40ED009BADAC /* ex1_1_2UITests.m */; };
/* End PBXBuildFile section */

/* Begin PBXContainerItemProxy section */
		71049AFF1E0A40ED009BADAC /* PBXContainerItemProxy */ = {
			isa = PBXContainerItemProxy;
			containerPortal = 71049ADD1E0A40ED009BADAC /* Project object */;
			proxyType = 1;
			remoteGlobalIDString = 71049AE41E0A40ED009BADAC;
			remoteInfo = "ex1-1-2";
		};
		71049B0A1E0A40ED009BADAC /* PBXContainerItemProxy */ = {
			isa = PBXContainerItemProxy;
			containerPortal = 71049ADD1E0A40ED009BADAC /* Project object */;
			proxyType = 1;
			remoteGlobalIDString = 71049AE41E0A40ED009BADAC;
			remoteInfo = "ex1-1-2";
		};
/* End PBXContainerItemProxy section */

/* Begin PBXFileReference section */
		71049AE51E0A40ED009BADAC /* ex1-1-2.app */ = {isa = PBXFileReference; explicitFileType = wrapper.application; includeInIndex = 0; path = "ex1-1-2.app"; sourceTree = BUILT_PRODUCTS_DIR; };
		71049AE91E0A40ED009BADAC /* main.m */ = {isa = PBXFileReference; lastKnownFileType = sourcecode.c.objc; path = main.m; sourceTree = "<group>"; };
		71049AEB1E0A40ED009BADAC /* AppDelegate.h */ = {isa = PBXFileReference; lastKnownFileType = sourcecode.c.h; path = AppDelegate.h; sourceTree = "<group>"; };
		71049AEC1E0A40ED009BADAC /* AppDelegate.m */ = {isa = PBXFileReference; lastKnownFileType = sourcecode.c.objc; path = AppDelegate.m; sourceTree = "<group>"; };
		71049AEE1E0A40ED009BADAC /* ViewController.h */ = {isa = PBXFileReference; lastKnownFileType = sourcecode.c.h; path = ViewController.h; sourceTree = "<group>"; };
		71049AEF1E0A40ED009BADAC /* ViewController.m */ = {isa = PBXFileReference; lastKnownFileType = sourcecode.c.objc; path = ViewController.m; sourceTree = "<group>"; };
		71049AF21E0A40ED009BADAC /* Base */ = {isa = PBXFileReference; lastKnownFileType = file.storyboard; name = Base; path = Base.lproj/Main.storyboard; sourceTree = "<group>"; };
		71049AF41E0A40ED009BADAC /* Assets.xcassets */ = {isa = PBXFileReference; lastKnownFileType = folder.assetcatalog; path = Assets.xcassets; sourceTree = "<group>"; };
		71049AF71E0A40ED009BADAC /* Base */ = {isa = PBXFileReference; lastKnownFileType = file.storyboard; name = Base; path = Base.lproj/LaunchScreen.storyboard; sourceTree = "<group>"; };
		71049AF91E0A40ED009BADAC /* Info.plist */ = {isa = PBXFileReference; lastKnownFileType = text.plist.xml; path = Info.plist; sourceTree = "<group>"; };
		71049AFE1E0A40ED009BADAC /* ex1-1-2Tests.xctest */ = {isa = PBXFileReference; explicitFileType = wrapper.cfbundle; includeInIndex = 0; path = "ex1-1-2Tests.xctest"; sourceTree = BUILT_PRODUCTS_DIR; };
		71049B021E0A40ED009BADAC /* ex1_1_2Tests.m */ = {isa = PBXFileReference; lastKnownFileType = sourcecode.c.objc; path = ex1_1_2Tests.m; sourceTree = "<group>"; };
		71049B041E0A40ED009BADAC /* Info.plist */ = {isa = PBXFileReference; lastKnownFileType = text.plist.xml; path = Info.plist; sourceTree = "<group>"; };
		71049B091E0A40ED009BADAC /* ex1-1-2UITests.xctest */ = {isa = PBXFileReference; explicitFileType = wrapper.cfbundle; includeInIndex = 0; path = "ex1-1-2UITests.xctest"; sourceTree = BUILT_PRODUCTS_DIR; };
		71049B0D1E0A40ED009BADAC /* ex1_1_2UITests.m */ = {isa = PBXFileReference; lastKnownFileType = sourcecode.c.objc; path = ex1_1_2UITests.m; sourceTree = "<group>"; };
		71049B0F1E0A40ED009BADAC /* Info.plist */ = {isa = PBXFileReference; lastKnownFileType = text.plist.xml; path = Info.plist; sourceTree = "<group>"; };
/* End PBXFileReference section */

/* Begin PBXFrameworksBuildPhase section */
		71049AE21E0A40ED009BADAC /* Frameworks */ = {
			isa = PBXFrameworksBuildPhase;
			buildActionMask = 2147483647;
			files = (
			);
			runOnlyForDeploymentPostprocessing = 0;
		};
		71049AFB1E0A40ED009BADAC /* Frameworks */ = {
			isa = PBXFrameworksBuildPhase;
			buildActionMask = 2147483647;
			files = (
			);
			runOnlyForDeploymentPostprocessing = 0;
		};
		71049B061E0A40ED009BADAC /* Frameworks */ = {
			isa = PBXFrameworksBuildPhase;
			buildActionMask = 2147483647;
			files = (
			);
			runOnlyForDeploymentPostprocessing = 0;
		};
/* End PBXFrameworksBuildPhase section */

/* Begin PBXGroup section */
		71049ADC1E0A40ED009BADAC = {
			isa = PBXGroup;
			children = (
				71049AE71E0A40ED009BADAC /* ex1-1-2 */,
				71049B011E0A40ED009BADAC /* ex1-1-2Tests */,
				71049B0C1E0A40ED009BADAC /* ex1-1-2UITests */,
				71049AE61E0A40ED009BADAC /* Products */,
			);
			sourceTree = "<group>";
		};
		71049AE61E0A40ED009BADAC /* Products */ = {
			isa = PBXGroup;
			children = (
				71049AE51E0A40ED009BADAC /* ex1-1-2.app */,
				71049AFE1E0A40ED009BADAC /* ex1-1-2Tests.xctest */,
				71049B091E0A40ED009BADAC /* ex1-1-2UITests.xctest */,
			);
			name = Products;
			sourceTree = "<group>";
		};
		71049AE71E0A40ED009BADAC /* ex1-1-2 */ = {
			isa = PBXGroup;
			children = (
				71049AEB1E0A40ED009BADAC /* AppDelegate.h */,
				71049AEC1E0A40ED009BADAC /* AppDelegate.m */,
				71049AEE1E0A40ED009BADAC /* ViewController.h */,
				71049AEF1E0A40ED009BADAC /* ViewController.m */,
				71049AF11E0A40ED009BADAC /* Main.storyboard */,
				71049AF41E0A40ED009BADAC /* Assets.xcassets */,
				71049AF61E0A40ED009BADAC /* LaunchScreen.storyboard */,
				71049AF91E0A40ED009BADAC /* Info.plist */,
				71049AE81E0A40ED009BADAC /* Supporting Files */,
			);
			path = "ex1-1-2";
			sourceTree = "<group>";
		};
		71049AE81E0A40ED009BADAC /* Supporting Files */ = {
			isa = PBXGroup;
			children = (
				71049AE91E0A40ED009BADAC /* main.m */,
			);
			name = "Supporting Files";
			sourceTree = "<group>";
		};
		71049B011E0A40ED009BADAC /* ex1-1-2Tests */ = {
			isa = PBXGroup;
			children = (
				71049B021E0A40ED009BADAC /* ex1_1_2Tests.m */,
				71049B041E0A40ED009BADAC /* Info.plist */,
			);
			path = "ex1-1-2Tests";
			sourceTree = "<group>";
		};
		71049B0C1E0A40ED009BADAC /* ex1-1-2UITests */ = {
			isa = PBXGroup;
			children = (
				71049B0D1E0A40ED009BADAC /* ex1_1_2UITests.m */,
				71049B0F1E0A40ED009BADAC /* Info.plist */,
			);
			path = "ex1-1-2UITests";
			sourceTree = "<group>";
		};
/* End PBXGroup section */

/* Begin PBXNativeTarget section */
		71049AE41E0A40ED009BADAC /* ex1-1-2 */ = {
			isa = PBXNativeTarget;
			buildConfigurationList = 71049B121E0A40ED009BADAC /* Build configuration list for PBXNativeTarget "ex1-1-2" */;
			buildPhases = (
				71049AE11E0A40ED009BADAC /* Sources */,
				71049AE21E0A40ED009BADAC /* Frameworks */,
				71049AE31E0A40ED009BADAC /* Resources */,
			);
			buildRules = (
			);
			dependencies = (
			);
			name = "ex1-1-2";
			productName = "ex1-1-2";
			productReference = 71049AE51E0A40ED009BADAC /* ex1-1-2.app */;
			productType = "com.apple.product-type.application";
		};
		71049AFD1E0A40ED009BADAC /* ex1-1-2Tests */ = {
			isa = PBXNativeTarget;
			buildConfigurationList = 71049B151E0A40ED009BADAC /* Build configuration list for PBXNativeTarget "ex1-1-2Tests" */;
			buildPhases = (
				71049AFA1E0A40ED009BADAC /* Sources */,
				71049AFB1E0A40ED009BADAC /* Frameworks */,
				71049AFC1E0A40ED009BADAC /* Resources */,
			);
			buildRules = (
			);
			dependencies = (
				71049B001E0A40ED009BADAC /* PBXTargetDependency */,
			);
			name = "ex1-1-2Tests";
			productName = "ex1-1-2Tests";
			productReference = 71049AFE1E0A40ED009BADAC /* ex1-1-2Tests.xctest */;
			productType = "com.apple.product-type.bundle.unit-test";
		};
		71049B081E0A40ED009BADAC /* ex1-1-2UITests */ = {
			isa = PBXNativeTarget;
			buildConfigurationList = 71049B181E0A40ED009BADAC /* Build configuration list for PBXNativeTarget "ex1-1-2UITests" */;
			buildPhases = (
				71049B051E0A40ED009BADAC /* Sources */,
				71049B061E0A40ED009BADAC /* Frameworks */,
				71049B071E0A40ED009BADAC /* Resources */,
			);
			buildRules = (
			);
			dependencies = (
				71049B0B1E0A40ED009BADAC /* PBXTargetDependency */,
			);
			name = "ex1-1-2UITests";
			productName = "ex1-1-2UITests";
			productReference = 71049B091E0A40ED009BADAC /* ex1-1-2UITests.xctest */;
			productType = "com.apple.product-type.bundle.ui-testing";
		};
/* End PBXNativeTarget section */

/* Begin PBXProject section */
		71049ADD1E0A40ED009BADAC /* Project object */ = {
			isa = PBXProject;
			attributes = {
				LastUpgradeCheck = 0730;
				ORGANIZATIONNAME = "ITユーザー";
				TargetAttributes = {
					71049AE41E0A40ED009BADAC = {
						CreatedOnToolsVersion = 7.3;
					};
					71049AFD1E0A40ED009BADAC = {
						CreatedOnToolsVersion = 7.3;
						TestTargetID = 71049AE41E0A40ED009BADAC;
					};
					71049B081E0A40ED009BADAC = {
						CreatedOnToolsVersion = 7.3;
						TestTargetID = 71049AE41E0A40ED009BADAC;
					};
				};
			};
			buildConfigurationList = 71049AE01E0A40ED009BADAC /* Build configuration list for PBXProject "ex1-1-2" */;
			compatibilityVersion = "Xcode 3.2";
			developmentRegion = English;
			hasScannedForEncodings = 0;
			knownRegions = (
				en,
				Base,
			);
			mainGroup = 71049ADC1E0A40ED009BADAC;
			productRefGroup = 71049AE61E0A40ED009BADAC /* Products */;
			projectDirPath = "";
			projectRoot = "";
			targets = (
				71049AE41E0A40ED009BADAC /* ex1-1-2 */,
				71049AFD1E0A40ED009BADAC /* ex1-1-2Tests */,
				71049B081E0A40ED009BADAC /* ex1-1-2UITests */,
			);
		};
/* End PBXProject section */

/* Begin PBXResourcesBuildPhase section */
		71049AE31E0A40ED009BADAC /* Resources */ = {
			isa = PBXResourcesBuildPhase;
			buildActionMask = 2147483647;
			files = (
				71049AF81E0A40ED009BADAC /* LaunchScreen.storyboard in Resources */,
				71049AF51E0A40ED009BADAC /* Assets.xcassets in Resources */,
				71049AF31E0A40ED009BADAC /* Main.storyboard in Resources */,
			);
			runOnlyForDeploymentPostprocessing = 0;
		};
		71049AFC1E0A40ED009BADAC /* Resources */ = {
			isa = PBXResourcesBuildPhase;
			buildActionMask = 2147483647;
			files = (
			);
			runOnlyForDeploymentPostprocessing = 0;
		};
		71049B071E0A40ED009BADAC /* Resources */ = {
			isa = PBXResourcesBuildPhase;
			buildActionMask = 2147483647;
			files = (
			);
			runOnlyForDeploymentPostprocessing = 0;
		};
/* End PBXResourcesBuildPhase section */

/* Begin PBXSourcesBuildPhase section */
		71049AE11E0A40ED009BADAC /* Sources */ = {
			isa = PBXSourcesBuildPhase;
			buildActionMask = 2147483647;
			files = (
				71049AF01E0A40ED009BADAC /* ViewController.m in Sources */,
				71049AED1E0A40ED009BADAC /* AppDelegate.m in Sources */,
				71049AEA1E0A40ED009BADAC /* main.m in Sources */,
			);
			runOnlyForDeploymentPostprocessing = 0;
		};
		71049AFA1E0A40ED009BADAC /* Sources */ = {
			isa = PBXSourcesBuildPhase;
			buildActionMask = 2147483647;
			files = (
				71049B031E0A40ED009BADAC /* ex1_1_2Tests.m in Sources */,
			);
			runOnlyForDeploymentPostprocessing = 0;
		};
		71049B051E0A40ED009BADAC /* Sources */ = {
			isa = PBXSourcesBuildPhase;
			buildActionMask = 2147483647;
			files = (
				71049B0E1E0A40ED009BADAC /* ex1_1_2UITests.m in Sources */,
			);
			runOnlyForDeploymentPostprocessing = 0;
		};
/* End PBXSourcesBuildPhase section */

/* Begin PBXTargetDependency section */
		71049B001E0A40ED009BADAC /* PBXTargetDependency */ = {
			isa = PBXTargetDependency;
			target = 71049AE41E0A40ED009BADAC /* ex1-1-2 */;
			targetProxy = 71049AFF1E0A40ED009BADAC /* PBXContainerItemProxy */;
		};
		71049B0B1E0A40ED009BADAC /* PBXTargetDependency */ = {
			isa = PBXTargetDependency;
			target = 71049AE41E0A40ED009BADAC /* ex1-1-2 */;
			targetProxy = 71049B0A1E0A40ED009BADAC /* PBXContainerItemProxy */;
		};
/* End PBXTargetDependency section */

/* Begin PBXVariantGroup section */
		71049AF11E0A40ED009BADAC /* Main.storyboard */ = {
			isa = PBXVariantGroup;
			children = (
				71049AF21E0A40ED009BADAC /* Base */,
			);
			name = Main.storyboard;
			sourceTree = "<group>";
		};
		71049AF61E0A40ED009BADAC /* LaunchScreen.storyboard */ = {
			isa = PBXVariantGroup;
			children = (
				71049AF71E0A40ED009BADAC /* Base */,
			);
			name = LaunchScreen.storyboard;
			sourceTree = "<group>";
		};
/* End PBXVariantGroup section */

/* Begin XCBuildConfiguration section */
		71049B101E0A40ED009BADAC /* Debug */ = {
			isa = XCBuildConfiguration;
			buildSettings = {
				ALWAYS_SEARCH_USER_PATHS = NO;
				CLANG_ANALYZER_NONNULL = YES;
				CLANG_CXX_LANGUAGE_STANDARD = "gnu++0x";
				CLANG_CXX_LIBRARY = "libc++";
				CLANG_ENABLE_MODULES = YES;
				CLANG_ENABLE_OBJC_ARC = YES;
				CLANG_WARN_BOOL_CONVERSION = YES;
				CLANG_WARN_CONSTANT_CONVERSION = YES;
				CLANG_WARN_DIRECT_OBJC_ISA_USAGE = YES_ERROR;
				CLANG_WARN_EMPTY_BODY = YES;
				CLANG_WARN_ENUM_CONVERSION = YES;
				CLANG_WARN_INT_CONVERSION = YES;
				CLANG_WARN_OBJC_ROOT_CLASS = YES_ERROR;
				CLANG_WARN_UNREACHABLE_CODE = YES;
				CLANG_WARN__DUPLICATE_METHOD_MATCH = YES;
				"CODE_SIGN_IDENTITY[sdk=iphoneos*]" = "iPhone Developer";
				COPY_PHASE_STRIP = NO;
				DEBUG_INFORMATION_FORMAT = dwarf;
				ENABLE_STRICT_OBJC_MSGSEND = YES;
				ENABLE_TESTABILITY = YES;
				GCC_C_LANGUAGE_STANDARD = gnu99;
				GCC_DYNAMIC_NO_PIC = NO;
				GCC_NO_COMMON_BLOCKS = YES;
				GCC_OPTIMIZATION_LEVEL = 0;
				GCC_PREPROCESSOR_DEFINITIONS = (
					"DEBUG=1",
					"$(inherited)",
				);
				GCC_WARN_64_TO_32_BIT_CONVERSION = YES;
				GCC_WARN_ABOUT_RETURN_TYPE = YES_ERROR;
				GCC_WARN_UNDECLARED_SELECTOR = YES;
				GCC_WARN_UNINITIALIZED_AUTOS = YES_AGGRESSIVE;
				GCC_WARN_UNUSED_FUNCTION = YES;
				GCC_WARN_UNUSED_VARIABLE = YES;
				IPHONEOS_DEPLOYMENT_TARGET = 9.3;
				MTL_ENABLE_DEBUG_INFO = YES;
				ONLY_ACTIVE_ARCH = YES;
				SDKROOT = iphoneos;
				TARGETED_DEVICE_FAMILY = "1,2";
			};
			name = Debug;
		};
		71049B111E0A40ED009BADAC /* Release */ = {
			isa = XCBuildConfiguration;
			buildSettings = {
				ALWAYS_SEARCH_USER_PATHS = NO;
				CLANG_ANALYZER_NONNULL = YES;
				CLANG_CXX_LANGUAGE_STANDARD = "gnu++0x";
				CLANG_CXX_LIBRARY = "libc++";
				CLANG_ENABLE_MODULES = YES;
				CLANG_ENABLE_OBJC_ARC = YES;
				CLANG_WARN_BOOL_CONVERSION = YES;
				CLANG_WARN_CONSTANT_CONVERSION = YES;
				CLANG_WARN_DIRECT_OBJC_ISA_USAGE = YES_ERROR;
				CLANG_WARN_EMPTY_BODY = YES;
				CLANG_WARN_ENUM_CONVERSION = YES;
				CLANG_WARN_INT_CONVERSION = YES;
				CLANG_WARN_OBJC_ROOT_CLASS = YES_ERROR;
				CLANG_WARN_UNREACHABLE_CODE = YES;
				CLANG_WARN__DUPLICATE_METHOD_MATCH = YES;
				"CODE_SIGN_IDENTITY[sdk=iphoneos*]" = "iPhone Developer";
				COPY_PHASE_STRIP = NO;
				DEBUG_INFORMATION_FORMAT = "dwarf-with-dsym";
				ENABLE_NS_ASSERTIONS = NO;
				ENABLE_STRICT_OBJC_MSGSEND = YES;
				GCC_C_LANGUAGE_STANDARD = gnu99;
				GCC_NO_COMMON_BLOCKS = YES;
				GCC_WARN_64_TO_32_BIT_CONVERSION = YES;
				GCC_WARN_ABOUT_RETURN_TYPE = YES_ERROR;
				GCC_WARN_UNDECLARED_SELECTOR = YES;
				GCC_WARN_UNINITIALIZED_AUTOS = YES_AGGRESSIVE;
				GCC_WARN_UNUSED_FUNCTION = YES;
				GCC_WARN_UNUSED_VARIABLE = YES;
				IPHONEOS_DEPLOYMENT_TARGET = 9.3;
				MTL_ENABLE_DEBUG_INFO = NO;
				SDKROOT = iphoneos;
				TARGETED_DEVICE_FAMILY = "1,2";
				VALIDATE_PRODUCT = YES;
			};
			name = Release;
		};
		71049B131E0A40ED009BADAC /* Debug */ = {
			isa = XCBuildConfiguration;
			buildSettings = {
				ASSETCATALOG_COMPILER_APPICON_NAME = AppIcon;
				INFOPLIST_FILE = "ex1-1-2/Info.plist";
				LD_RUNPATH_SEARCH_PATHS = "$(inherited) @executable_path/Frameworks";
				PRODUCT_BUNDLE_IDENTIFIER = "jp.ac.neec.jp.ex1-1-2";
				PRODUCT_NAME = "$(TARGET_NAME)";
			};
			name = Debug;
		};
		71049B141E0A40ED009BADAC /* Release */ = {
			isa = XCBuildConfiguration;
			buildSettings = {
				ASSETCATALOG_COMPILER_APPICON_NAME = AppIcon;
				INFOPLIST_FILE = "ex1-1-2/Info.plist";
				LD_RUNPATH_SEARCH_PATHS = "$(inherited) @executable_path/Frameworks";
				PRODUCT_BUNDLE_IDENTIFIER = "jp.ac.neec.jp.ex1-1-2";
				PRODUCT_NAME = "$(TARGET_NAME)";
			};
			name = Release;
		};
		71049B161E0A40ED009BADAC /* Debug */ = {
			isa = XCBuildConfiguration;
			buildSettings = {
				BUNDLE_LOADER = "$(TEST_HOST)";
				INFOPLIST_FILE = "ex1-1-2Tests/Info.plist";
				LD_RUNPATH_SEARCH_PATHS = "$(inherited) @executable_path/Frameworks @loader_path/Frameworks";
				PRODUCT_BUNDLE_IDENTIFIER = "jp.ac.neec.jp.ex1-1-2Tests";
				PRODUCT_NAME = "$(TARGET_NAME)";
				TEST_HOST = "$(BUILT_PRODUCTS_DIR)/ex1-1-2.app/ex1-1-2";
			};
			name = Debug;
		};
		71049B171E0A40ED009BADAC /* Release */ = {
			isa = XCBuildConfiguration;
			buildSettings = {
				BUNDLE_LOADER = "$(TEST_HOST)";
				INFOPLIST_FILE = "ex1-1-2Tests/Info.plist";
				LD_RUNPATH_SEARCH_PATHS = "$(inherited) @executable_path/Frameworks @loader_path/Frameworks";
				PRODUCT_BUNDLE_IDENTIFIER = "jp.ac.neec.jp.ex1-1-2Tests";
				PRODUCT_NAME = "$(TARGET_NAME)";
				TEST_HOST = "$(BUILT_PRODUCTS_DIR)/ex1-1-2.app/ex1-1-2";
			};
			name = Release;
		};
		71049B191E0A40ED009BADAC /* Debug */ = {
			isa = XCBuildConfiguration;
			buildSettings = {
				INFOPLIST_FILE = "ex1-1-2UITests/Info.plist";
				LD_RUNPATH_SEARCH_PATHS = "$(inherited) @executable_path/Frameworks @loader_path/Frameworks";
				PRODUCT_BUNDLE_IDENTIFIER = "jp.ac.neec.jp.ex1-1-2UITests";
				PRODUCT_NAME = "$(TARGET_NAME)";
				TEST_TARGET_NAME = "ex1-1-2";
			};
			name = Debug;
		};
		71049B1A1E0A40ED009BADAC /* Release */ = {
			isa = XCBuildConfiguration;
			buildSettings = {
				INFOPLIST_FILE = "ex1-1-2UITests/Info.plist";
				LD_RUNPATH_SEARCH_PATHS = "$(inherited) @executable_path/Frameworks @loader_path/Frameworks";
				PRODUCT_BUNDLE_IDENTIFIER = "jp.ac.neec.jp.ex1-1-2UITests";
				PRODUCT_NAME = "$(TARGET_NAME)";
				TEST_TARGET_NAME = "ex1-1-2";
			};
			name = Release;
		};
/* End XCBuildConfiguration section */

/* Begin XCConfigurationList section */
		71049AE01E0A40ED009BADAC /* Build configuration list for PBXProject "ex1-1-2" */ = {
			isa = XCConfigurationList;
			buildConfigurations = (
				71049B101E0A40ED009BADAC /* Debug */,
				71049B111E0A40ED009BADAC /* Release */,
			);
			defaultConfigurationIsVisible = 0;
			defaultConfigurationName = Release;
		};
		71049B121E0A40ED009BADAC /* Build configuration list for PBXNativeTarget "ex1-1-2" */ = {
			isa = XCConfigurationList;
			buildConfigurations = (
				71049B131E0A40ED009BADAC /* Debug */,
				71049B141E0A40ED009BADAC /* Release */,
			);
			defaultConfigurationIsVisible = 0;
		};
		71049B151E0A40ED009BADAC /* Build configuration list for PBXNativeTarget "ex1-1-2Tests" */ = {
			isa = XCConfigurationList;
			buildConfigurations = (
				71049B161E0A40ED009BADAC /* Debug */,
				71049B171E0A40ED009BADAC /* Release */,
			);
			defaultConfigurationIsVisible = 0;
		};
		71049B181E0A40ED009BADAC /* Build configuration list for PBXNativeTarget "ex1-1-2UITests" */ = {
			isa = XCConfigurationList;
			buildConfigurations = (
				71049B191E0A40ED009BADAC /* Debug */,
				71049B1A1E0A40ED009BADAC /* Release */,
			);
			defaultConfigurationIsVisible = 0;
		};
/* End XCConfigurationList section */
	};
	rootObject = 71049ADD1E0A40ED009BADAC /* Project object */;
}
